// !$*UTF8*$!
{
	archiveVersion = 1;
	classes = {
	};
	objectVersion = 46;
	objects = {

/* Begin PBXBuildFile section */
		5B71136118D648DD00E00BDA /* TweetedSiteController.m in Sources */ = {isa = PBXBuildFile; fileRef = 5B71136018D648DD00E00BDA /* TweetedSiteController.m */; };
		5BA3C2D918D4C9B900295D00 /* UsersController.m in Sources */ = {isa = PBXBuildFile; fileRef = 5BA3C2D818D4C9B900295D00 /* UsersController.m */; };
		5BA3C2DC18D4D43800295D00 /* TweetsController.m in Sources */ = {isa = PBXBuildFile; fileRef = 5BA3C2DB18D4D43800295D00 /* TweetsController.m */; };
		5BE46BFF18D48EEA008FBD28 /* Foundation.framework in Frameworks */ = {isa = PBXBuildFile; fileRef = 5BE46BFE18D48EEA008FBD28 /* Foundation.framework */; };
		5BE46C0118D48EEA008FBD28 /* CoreGraphics.framework in Frameworks */ = {isa = PBXBuildFile; fileRef = 5BE46C0018D48EEA008FBD28 /* CoreGraphics.framework */; };
		5BE46C0318D48EEA008FBD28 /* UIKit.framework in Frameworks */ = {isa = PBXBuildFile; fileRef = 5BE46C0218D48EEA008FBD28 /* UIKit.framework */; };
		5BE46C0918D48EEA008FBD28 /* InfoPlist.strings in Resources */ = {isa = PBXBuildFile; fileRef = 5BE46C0718D48EEA008FBD28 /* InfoPlist.strings */; };
		5BE46C0B18D48EEA008FBD28 /* main.m in Sources */ = {isa = PBXBuildFile; fileRef = 5BE46C0A18D48EEA008FBD28 /* main.m */; };
		5BE46C0F18D48EEA008FBD28 /* AppDelegate.m in Sources */ = {isa = PBXBuildFile; fileRef = 5BE46C0E18D48EEA008FBD28 /* AppDelegate.m */; };
		5BE46C1218D48EEA008FBD28 /* Main.storyboard in Resources */ = {isa = PBXBuildFile; fileRef = 5BE46C1018D48EEA008FBD28 /* Main.storyboard */; };
		5BE46C1518D48EEA008FBD28 /* ViewController.m in Sources */ = {isa = PBXBuildFile; fileRef = 5BE46C1418D48EEA008FBD28 /* ViewController.m */; };
		5BE46C1718D48EEA008FBD28 /* Images.xcassets in Resources */ = {isa = PBXBuildFile; fileRef = 5BE46C1618D48EEA008FBD28 /* Images.xcassets */; };
		5BE46C1E18D48EEA008FBD28 /* XCTest.framework in Frameworks */ = {isa = PBXBuildFile; fileRef = 5BE46C1D18D48EEA008FBD28 /* XCTest.framework */; };
		5BE46C1F18D48EEA008FBD28 /* Foundation.framework in Frameworks */ = {isa = PBXBuildFile; fileRef = 5BE46BFE18D48EEA008FBD28 /* Foundation.framework */; };
		5BE46C2018D48EEA008FBD28 /* UIKit.framework in Frameworks */ = {isa = PBXBuildFile; fileRef = 5BE46C0218D48EEA008FBD28 /* UIKit.framework */; };
		5BE46C2818D48EEA008FBD28 /* InfoPlist.strings in Resources */ = {isa = PBXBuildFile; fileRef = 5BE46C2618D48EEA008FBD28 /* InfoPlist.strings */; };
		5BE46C2A18D48EEA008FBD28 /* TweeterTests.m in Sources */ = {isa = PBXBuildFile; fileRef = 5BE46C2918D48EEA008FBD28 /* TweeterTests.m */; };
		5BE46C3418D48EFF008FBD28 /* Accounts.framework in Frameworks */ = {isa = PBXBuildFile; fileRef = 5BE46C3318D48EFF008FBD28 /* Accounts.framework */; };
		5BE46C3618D48F0A008FBD28 /* Twitter.framework in Frameworks */ = {isa = PBXBuildFile; fileRef = 5BE46C3518D48F0A008FBD28 /* Twitter.framework */; };
		5BE46C3918D48F3D008FBD28 /* Twiiterer.m in Sources */ = {isa = PBXBuildFile; fileRef = 5BE46C3818D48F3D008FBD28 /* Twiiterer.m */; };
		5BE46C4218D48F6D008FBD28 /* Person.m in Sources */ = {isa = PBXBuildFile; fileRef = 5BE46C3B18D48F6D008FBD28 /* Person.m */; };
		5BE46C4318D48F6D008FBD28 /* Persons.m in Sources */ = {isa = PBXBuildFile; fileRef = 5BE46C3D18D48F6D008FBD28 /* Persons.m */; };
		5BE46C4418D48F6D008FBD28 /* Tweet.m in Sources */ = {isa = PBXBuildFile; fileRef = 5BE46C3F18D48F6D008FBD28 /* Tweet.m */; };
		5BE46C4518D48F6D008FBD28 /* Tweets.m in Sources */ = {isa = PBXBuildFile; fileRef = 5BE46C4118D48F6D008FBD28 /* Tweets.m */; };
		5BE46C4818D49157008FBD28 /* AppModel.m in Sources */ = {isa = PBXBuildFile; fileRef = 5BE46C4718D49157008FBD28 /* AppModel.m */; };
		FAD5A7F218E5A3150057E5E0 /* mapViewController.m in Sources */ = {isa = PBXBuildFile; fileRef = FAD5A7F118E5A3150057E5E0 /* mapViewController.m */; };
		FAD5A7F518E76A4F0057E5E0 /* TweetCreate.m in Sources */ = {isa = PBXBuildFile; fileRef = FAD5A7F418E76A4F0057E5E0 /* TweetCreate.m */; };
/* End PBXBuildFile section */

/* Begin PBXContainerItemProxy section */
		5BE46C2118D48EEA008FBD28 /* PBXContainerItemProxy */ = {
			isa = PBXContainerItemProxy;
			containerPortal = 5BE46BF318D48EEA008FBD28 /* Project object */;
			proxyType = 1;
			remoteGlobalIDString = 5BE46BFA18D48EEA008FBD28;
			remoteInfo = Tweeter;
		};
/* End PBXContainerItemProxy section */

/* Begin PBXFileReference section */
		5B71135F18D648DD00E00BDA /* TweetedSiteController.h */ = {isa = PBXFileReference; fileEncoding = 4; lastKnownFileType = sourcecode.c.h; path = TweetedSiteController.h; sourceTree = "<group>"; };
		5B71136018D648DD00E00BDA /* TweetedSiteController.m */ = {isa = PBXFileReference; fileEncoding = 4; lastKnownFileType = sourcecode.c.objc; path = TweetedSiteController.m; sourceTree = "<group>"; };
		5BA3C2D718D4C9B900295D00 /* UsersController.h */ = {isa = PBXFileReference; fileEncoding = 4; lastKnownFileType = sourcecode.c.h; path = UsersController.h; sourceTree = "<group>"; };
		5BA3C2D818D4C9B900295D00 /* UsersController.m */ = {isa = PBXFileReference; fileEncoding = 4; lastKnownFileType = sourcecode.c.objc; path = UsersController.m; sourceTree = "<group>"; };
		5BA3C2DA18D4D43800295D00 /* TweetsController.h */ = {isa = PBXFileReference; fileEncoding = 4; lastKnownFileType = sourcecode.c.h; path = TweetsController.h; sourceTree = "<group>"; };
		5BA3C2DB18D4D43800295D00 /* TweetsController.m */ = {isa = PBXFileReference; fileEncoding = 4; lastKnownFileType = sourcecode.c.objc; path = TweetsController.m; sourceTree = "<group>"; };
		5BE46BFB18D48EEA008FBD28 /* Tweeter.app */ = {isa = PBXFileReference; explicitFileType = wrapper.application; includeInIndex = 0; path = Tweeter.app; sourceTree = BUILT_PRODUCTS_DIR; };
		5BE46BFE18D48EEA008FBD28 /* Foundation.framework */ = {isa = PBXFileReference; lastKnownFileType = wrapper.framework; name = Foundation.framework; path = System/Library/Frameworks/Foundation.framework; sourceTree = SDKROOT; };
		5BE46C0018D48EEA008FBD28 /* CoreGraphics.framework */ = {isa = PBXFileReference; lastKnownFileType = wrapper.framework; name = CoreGraphics.framework; path = System/Library/Frameworks/CoreGraphics.framework; sourceTree = SDKROOT; };
		5BE46C0218D48EEA008FBD28 /* UIKit.framework */ = {isa = PBXFileReference; lastKnownFileType = wrapper.framework; name = UIKit.framework; path = System/Library/Frameworks/UIKit.framework; sourceTree = SDKROOT; };
		5BE46C0618D48EEA008FBD28 /* Tweeter-Info.plist */ = {isa = PBXFileReference; lastKnownFileType = text.plist.xml; path = "Tweeter-Info.plist"; sourceTree = "<group>"; };
		5BE46C0818D48EEA008FBD28 /* en */ = {isa = PBXFileReference; lastKnownFileType = text.plist.strings; name = en; path = en.lproj/InfoPlist.strings; sourceTree = "<group>"; };
		5BE46C0A18D48EEA008FBD28 /* main.m */ = {isa = PBXFileReference; lastKnownFileType = sourcecode.c.objc; path = main.m; sourceTree = "<group>"; };
		5BE46C0C18D48EEA008FBD28 /* Tweeter-Prefix.pch */ = {isa = PBXFileReference; lastKnownFileType = sourcecode.c.h; path = "Tweeter-Prefix.pch"; sourceTree = "<group>"; };
		5BE46C0D18D48EEA008FBD28 /* AppDelegate.h */ = {isa = PBXFileReference; lastKnownFileType = sourcecode.c.h; path = AppDelegate.h; sourceTree = "<group>"; };
		5BE46C0E18D48EEA008FBD28 /* AppDelegate.m */ = {isa = PBXFileReference; lastKnownFileType = sourcecode.c.objc; path = AppDelegate.m; sourceTree = "<group>"; };
		5BE46C1118D48EEA008FBD28 /* Base */ = {isa = PBXFileReference; lastKnownFileType = file.storyboard; name = Base; path = Base.lproj/Main.storyboard; sourceTree = "<group>"; };
		5BE46C1318D48EEA008FBD28 /* ViewController.h */ = {isa = PBXFileReference; lastKnownFileType = sourcecode.c.h; path = ViewController.h; sourceTree = "<group>"; };
		5BE46C1418D48EEA008FBD28 /* ViewController.m */ = {isa = PBXFileReference; lastKnownFileType = sourcecode.c.objc; path = ViewController.m; sourceTree = "<group>"; };
		5BE46C1618D48EEA008FBD28 /* Images.xcassets */ = {isa = PBXFileReference; lastKnownFileType = folder.assetcatalog; path = Images.xcassets; sourceTree = "<group>"; };
		5BE46C1C18D48EEA008FBD28 /* TweeterTests.xctest */ = {isa = PBXFileReference; explicitFileType = wrapper.cfbundle; includeInIndex = 0; path = TweeterTests.xctest; sourceTree = BUILT_PRODUCTS_DIR; };
		5BE46C1D18D48EEA008FBD28 /* XCTest.framework */ = {isa = PBXFileReference; lastKnownFileType = wrapper.framework; name = XCTest.framework; path = Library/Frameworks/XCTest.framework; sourceTree = DEVELOPER_DIR; };
		5BE46C2518D48EEA008FBD28 /* TweeterTests-Info.plist */ = {isa = PBXFileReference; lastKnownFileType = text.plist.xml; path = "TweeterTests-Info.plist"; sourceTree = "<group>"; };
		5BE46C2718D48EEA008FBD28 /* en */ = {isa = PBXFileReference; lastKnownFileType = text.plist.strings; name = en; path = en.lproj/InfoPlist.strings; sourceTree = "<group>"; };
		5BE46C2918D48EEA008FBD28 /* TweeterTests.m */ = {isa = PBXFileReference; lastKnownFileType = sourcecode.c.objc; path = TweeterTests.m; sourceTree = "<group>"; };
		5BE46C3318D48EFF008FBD28 /* Accounts.framework */ = {isa = PBXFileReference; lastKnownFileType = wrapper.framework; name = Accounts.framework; path = System/Library/Frameworks/Accounts.framework; sourceTree = SDKROOT; };
		5BE46C3518D48F0A008FBD28 /* Twitter.framework */ = {isa = PBXFileReference; lastKnownFileType = wrapper.framework; name = Twitter.framework; path = System/Library/Frameworks/Twitter.framework; sourceTree = SDKROOT; };
		5BE46C3718D48F3D008FBD28 /* Twiiterer.h */ = {isa = PBXFileReference; fileEncoding = 4; lastKnownFileType = sourcecode.c.h; path = Twiiterer.h; sourceTree = "<group>"; };
		5BE46C3818D48F3D008FBD28 /* Twiiterer.m */ = {isa = PBXFileReference; fileEncoding = 4; lastKnownFileType = sourcecode.c.objc; path = Twiiterer.m; sourceTree = "<group>"; };
		5BE46C3A18D48F6D008FBD28 /* Person.h */ = {isa = PBXFileReference; fileEncoding = 4; lastKnownFileType = sourcecode.c.h; path = Person.h; sourceTree = "<group>"; };
		5BE46C3B18D48F6D008FBD28 /* Person.m */ = {isa = PBXFileReference; fileEncoding = 4; lastKnownFileType = sourcecode.c.objc; path = Person.m; sourceTree = "<group>"; };
		5BE46C3C18D48F6D008FBD28 /* Persons.h */ = {isa = PBXFileReference; fileEncoding = 4; lastKnownFileType = sourcecode.c.h; path = Persons.h; sourceTree = "<group>"; };
		5BE46C3D18D48F6D008FBD28 /* Persons.m */ = {isa = PBXFileReference; fileEncoding = 4; lastKnownFileType = sourcecode.c.objc; path = Persons.m; sourceTree = "<group>"; };
		5BE46C3E18D48F6D008FBD28 /* Tweet.h */ = {isa = PBXFileReference; fileEncoding = 4; lastKnownFileType = sourcecode.c.h; path = Tweet.h; sourceTree = "<group>"; };
		5BE46C3F18D48F6D008FBD28 /* Tweet.m */ = {isa = PBXFileReference; fileEncoding = 4; lastKnownFileType = sourcecode.c.objc; path = Tweet.m; sourceTree = "<group>"; };
		5BE46C4018D48F6D008FBD28 /* Tweets.h */ = {isa = PBXFileReference; fileEncoding = 4; lastKnownFileType = sourcecode.c.h; path = Tweets.h; sourceTree = "<group>"; };
		5BE46C4118D48F6D008FBD28 /* Tweets.m */ = {isa = PBXFileReference; fileEncoding = 4; lastKnownFileType = sourcecode.c.objc; path = Tweets.m; sourceTree = "<group>"; };
		5BE46C4618D49157008FBD28 /* AppModel.h */ = {isa = PBXFileReference; fileEncoding = 4; lastKnownFileType = sourcecode.c.h; path = AppModel.h; sourceTree = "<group>"; };
		5BE46C4718D49157008FBD28 /* AppModel.m */ = {isa = PBXFileReference; fileEncoding = 4; lastKnownFileType = sourcecode.c.objc; path = AppModel.m; sourceTree = "<group>"; };
		FAD5A7F018E5A3150057E5E0 /* mapViewController.h */ = {isa = PBXFileReference; fileEncoding = 4; lastKnownFileType = sourcecode.c.h; path = mapViewController.h; sourceTree = "<group>"; };
		FAD5A7F118E5A3150057E5E0 /* mapViewController.m */ = {isa = PBXFileReference; fileEncoding = 4; lastKnownFileType = sourcecode.c.objc; path = mapViewController.m; sourceTree = "<group>"; };
		FAD5A7F318E76A4F0057E5E0 /* TweetCreate.h */ = {isa = PBXFileReference; fileEncoding = 4; lastKnownFileType = sourcecode.c.h; path = TweetCreate.h; sourceTree = "<group>"; };
		FAD5A7F418E76A4F0057E5E0 /* TweetCreate.m */ = {isa = PBXFileReference; fileEncoding = 4; lastKnownFileType = sourcecode.c.objc; path = TweetCreate.m; sourceTree = "<group>"; };
/* End PBXFileReference section */

/* Begin PBXFrameworksBuildPhase section */
		5BE46BF818D48EEA008FBD28 /* Frameworks */ = {
			isa = PBXFrameworksBuildPhase;
			buildActionMask = 2147483647;
			files = (
				5BE46C3618D48F0A008FBD28 /* Twitter.framework in Frameworks */,
				5BE46C3418D48EFF008FBD28 /* Accounts.framework in Frameworks */,
				5BE46C0118D48EEA008FBD28 /* CoreGraphics.framework in Frameworks */,
				5BE46C0318D48EEA008FBD28 /* UIKit.framework in Frameworks */,
				5BE46BFF18D48EEA008FBD28 /* Foundation.framework in Frameworks */,
			);
			runOnlyForDeploymentPostprocessing = 0;
		};
		5BE46C1918D48EEA008FBD28 /* Frameworks */ = {
			isa = PBXFrameworksBuildPhase;
			buildActionMask = 2147483647;
			files = (
				5BE46C1E18D48EEA008FBD28 /* XCTest.framework in Frameworks */,
				5BE46C2018D48EEA008FBD28 /* UIKit.framework in Frameworks */,
				5BE46C1F18D48EEA008FBD28 /* Foundation.framework in Frameworks */,
			);
			runOnlyForDeploymentPostprocessing = 0;
		};
/* End PBXFrameworksBuildPhase section */

/* Begin PBXGroup section */
		5BE46BF218D48EEA008FBD28 = {
			isa = PBXGroup;
			children = (
				5BE46C0418D48EEA008FBD28 /* Tweeter */,
				5BE46C2318D48EEA008FBD28 /* TweeterTests */,
				5BE46BFD18D48EEA008FBD28 /* Frameworks */,
				5BE46BFC18D48EEA008FBD28 /* Products */,
			);
			sourceTree = "<group>";
		};
		5BE46BFC18D48EEA008FBD28 /* Products */ = {
			isa = PBXGroup;
			children = (
				5BE46BFB18D48EEA008FBD28 /* Tweeter.app */,
				5BE46C1C18D48EEA008FBD28 /* TweeterTests.xctest */,
			);
			name = Products;
			sourceTree = "<group>";
		};
		5BE46BFD18D48EEA008FBD28 /* Frameworks */ = {
			isa = PBXGroup;
			children = (
				5BE46C3518D48F0A008FBD28 /* Twitter.framework */,
				5BE46C3318D48EFF008FBD28 /* Accounts.framework */,
				5BE46BFE18D48EEA008FBD28 /* Foundation.framework */,
				5BE46C0018D48EEA008FBD28 /* CoreGraphics.framework */,
				5BE46C0218D48EEA008FBD28 /* UIKit.framework */,
				5BE46C1D18D48EEA008FBD28 /* XCTest.framework */,
			);
			name = Frameworks;
			sourceTree = "<group>";
		};
		5BE46C0418D48EEA008FBD28 /* Tweeter */ = {
			isa = PBXGroup;
			children = (
				5BE46C3A18D48F6D008FBD28 /* Person.h */,
				5BE46C3B18D48F6D008FBD28 /* Person.m */,
				5BE46C3C18D48F6D008FBD28 /* Persons.h */,
				5BE46C3D18D48F6D008FBD28 /* Persons.m */,
				5BE46C3E18D48F6D008FBD28 /* Tweet.h */,
				5BE46C3F18D48F6D008FBD28 /* Tweet.m */,
				5BE46C4018D48F6D008FBD28 /* Tweets.h */,
				5BE46C4118D48F6D008FBD28 /* Tweets.m */,
				5BE46C4618D49157008FBD28 /* AppModel.h */,
				5BE46C4718D49157008FBD28 /* AppModel.m */,
				5BE46C3718D48F3D008FBD28 /* Twiiterer.h */,
				5BE46C3818D48F3D008FBD28 /* Twiiterer.m */,
				5BE46C0D18D48EEA008FBD28 /* AppDelegate.h */,
				5BE46C0E18D48EEA008FBD28 /* AppDelegate.m */,
				5BE46C1018D48EEA008FBD28 /* Main.storyboard */,
				FAD5A7F018E5A3150057E5E0 /* mapViewController.h */,
				FAD5A7F118E5A3150057E5E0 /* mapViewController.m */,
				5BE46C1318D48EEA008FBD28 /* ViewController.h */,
				5BE46C1418D48EEA008FBD28 /* ViewController.m */,
				5BE46C1618D48EEA008FBD28 /* Images.xcassets */,
				5BE46C0518D48EEA008FBD28 /* Supporting Files */,
				5BA3C2D718D4C9B900295D00 /* UsersController.h */,
				5BA3C2D818D4C9B900295D00 /* UsersController.m */,
				FAD5A7F318E76A4F0057E5E0 /* TweetCreate.h */,
				FAD5A7F418E76A4F0057E5E0 /* TweetCreate.m */,
				5BA3C2DA18D4D43800295D00 /* TweetsController.h */,
				5BA3C2DB18D4D43800295D00 /* TweetsController.m */,
				5B71135F18D648DD00E00BDA /* TweetedSiteController.h */,
				5B71136018D648DD00E00BDA /* TweetedSiteController.m */,
			);
			path = Tweeter;
			sourceTree = "<group>";
		};
		5BE46C0518D48EEA008FBD28 /* Supporting Files */ = {
			isa = PBXGroup;
			children = (
				5BE46C0618D48EEA008FBD28 /* Tweeter-Info.plist */,
				5BE46C0718D48EEA008FBD28 /* InfoPlist.strings */,
				5BE46C0A18D48EEA008FBD28 /* main.m */,
				5BE46C0C18D48EEA008FBD28 /* Tweeter-Prefix.pch */,
			);
			name = "Supporting Files";
			sourceTree = "<group>";
		};
		5BE46C2318D48EEA008FBD28 /* TweeterTests */ = {
			isa = PBXGroup;
			children = (
				5BE46C2918D48EEA008FBD28 /* TweeterTests.m */,
				5BE46C2418D48EEA008FBD28 /* Supporting Files */,
			);
			path = TweeterTests;
			sourceTree = "<group>";
		};
		5BE46C2418D48EEA008FBD28 /* Supporting Files */ = {
			isa = PBXGroup;
			children = (
				5BE46C2518D48EEA008FBD28 /* TweeterTests-Info.plist */,
				5BE46C2618D48EEA008FBD28 /* InfoPlist.strings */,
			);
			name = "Supporting Files";
			sourceTree = "<group>";
		};
/* End PBXGroup section */

/* Begin PBXNativeTarget section */
		5BE46BFA18D48EEA008FBD28 /* Tweeter */ = {
			isa = PBXNativeTarget;
			buildConfigurationList = 5BE46C2D18D48EEA008FBD28 /* Build configuration list for PBXNativeTarget "Tweeter" */;
			buildPhases = (
				5BE46BF718D48EEA008FBD28 /* Sources */,
				5BE46BF818D48EEA008FBD28 /* Frameworks */,
				5BE46BF918D48EEA008FBD28 /* Resources */,
			);
			buildRules = (
			);
			dependencies = (
			);
			name = Tweeter;
			productName = Tweeter;
			productReference = 5BE46BFB18D48EEA008FBD28 /* Tweeter.app */;
			productType = "com.apple.product-type.application";
		};
		5BE46C1B18D48EEA008FBD28 /* TweeterTests */ = {
			isa = PBXNativeTarget;
			buildConfigurationList = 5BE46C3018D48EEA008FBD28 /* Build configuration list for PBXNativeTarget "TweeterTests" */;
			buildPhases = (
				5BE46C1818D48EEA008FBD28 /* Sources */,
				5BE46C1918D48EEA008FBD28 /* Frameworks */,
				5BE46C1A18D48EEA008FBD28 /* Resources */,
			);
			buildRules = (
			);
			dependencies = (
				5BE46C2218D48EEA008FBD28 /* PBXTargetDependency */,
			);
			name = TweeterTests;
			productName = TweeterTests;
			productReference = 5BE46C1C18D48EEA008FBD28 /* TweeterTests.xctest */;
			productType = "com.apple.product-type.bundle.unit-test";
		};
/* End PBXNativeTarget section */

/* Begin PBXProject section */
		5BE46BF318D48EEA008FBD28 /* Project object */ = {
			isa = PBXProject;
			attributes = {
				LastUpgradeCheck = 0500;
				ORGANIZATIONNAME = home;
				TargetAttributes = {
					5BE46C1B18D48EEA008FBD28 = {
						TestTargetID = 5BE46BFA18D48EEA008FBD28;
					};
				};
			};
			buildConfigurationList = 5BE46BF618D48EEA008FBD28 /* Build configuration list for PBXProject "Tweeter" */;
			compatibilityVersion = "Xcode 3.2";
			developmentRegion = English;
			hasScannedForEncodings = 0;
			knownRegions = (
				en,
				Base,
			);
			mainGroup = 5BE46BF218D48EEA008FBD28;
			productRefGroup = 5BE46BFC18D48EEA008FBD28 /* Products */;
			projectDirPath = "";
			projectRoot = "";
			targets = (
				5BE46BFA18D48EEA008FBD28 /* Tweeter */,
				5BE46C1B18D48EEA008FBD28 /* TweeterTests */,
			);
		};
/* End PBXProject section */

/* Begin PBXResourcesBuildPhase section */
		5BE46BF918D48EEA008FBD28 /* Resources */ = {
			isa = PBXResourcesBuildPhase;
			buildActionMask = 2147483647;
			files = (
				5BE46C1718D48EEA008FBD28 /* Images.xcassets in Resources */,
				5BE46C0918D48EEA008FBD28 /* InfoPlist.strings in Resources */,
				5BE46C1218D48EEA008FBD28 /* Main.storyboard in Resources */,
			);
			runOnlyForDeploymentPostprocessing = 0;
		};
		5BE46C1A18D48EEA008FBD28 /* Resources */ = {
			isa = PBXResourcesBuildPhase;
			buildActionMask = 2147483647;
			files = (
				5BE46C2818D48EEA008FBD28 /* InfoPlist.strings in Resources */,
			);
			runOnlyForDeploymentPostprocessing = 0;
		};
/* End PBXResourcesBuildPhase section */

/* Begin PBXSourcesBuildPhase section */
		5BE46BF718D48EEA008FBD28 /* Sources */ = {
			isa = PBXSourcesBuildPhase;
			buildActionMask = 2147483647;
			files = (
				5BE46C4318D48F6D008FBD28 /* Persons.m in Sources */,
				FAD5A7F518E76A4F0057E5E0 /* TweetCreate.m in Sources */,
				5BA3C2DC18D4D43800295D00 /* TweetsController.m in Sources */,
				5BE46C1518D48EEA008FBD28 /* ViewController.m in Sources */,
				5BE46C3918D48F3D008FBD28 /* Twiiterer.m in Sources */,
				5BE46C4418D48F6D008FBD28 /* Tweet.m in Sources */,
				5B71136118D648DD00E00BDA /* TweetedSiteController.m in Sources */,
				5BA3C2D918D4C9B900295D00 /* UsersController.m in Sources */,
				5BE46C4818D49157008FBD28 /* AppModel.m in Sources */,
				5BE46C4218D48F6D008FBD28 /* Person.m in Sources */,
				5BE46C0F18D48EEA008FBD28 /* AppDelegate.m in Sources */,
				5BE46C0B18D48EEA008FBD28 /* main.m in Sources */,
				FAD5A7F218E5A3150057E5E0 /* mapViewController.m in Sources */,
				5BE46C4518D48F6D008FBD28 /* Tweets.m in Sources */,
			);
			runOnlyForDeploymentPostprocessing = 0;
		};
		5BE46C1818D48EEA008FBD28 /* Sources */ = {
			isa = PBXSourcesBuildPhase;
			buildActionMask = 2147483647;
			files = (
				5BE46C2A18D48EEA008FBD28 /* TweeterTests.m in Sources */,
			);
			runOnlyForDeploymentPostprocessing = 0;
		};
/* End PBXSourcesBuildPhase section */

/* Begin PBXTargetDependency section */
		5BE46C2218D48EEA008FBD28 /* PBXTargetDependency */ = {
			isa = PBXTargetDependency;
			target = 5BE46BFA18D48EEA008FBD28 /* Tweeter */;
			targetProxy = 5BE46C2118D48EEA008FBD28 /* PBXContainerItemProxy */;
		};
/* End PBXTargetDependency section */

/* Begin PBXVariantGroup section */
		5BE46C0718D48EEA008FBD28 /* InfoPlist.strings */ = {
			isa = PBXVariantGroup;
			children = (
				5BE46C0818D48EEA008FBD28 /* en */,
			);
			name = InfoPlist.strings;
			sourceTree = "<group>";
		};
		5BE46C1018D48EEA008FBD28 /* Main.storyboard */ = {
			isa = PBXVariantGroup;
			children = (
				5BE46C1118D48EEA008FBD28 /* Base */,
			);
			name = Main.storyboard;
			sourceTree = "<group>";
		};
		5BE46C2618D48EEA008FBD28 /* InfoPlist.strings */ = {
			isa = PBXVariantGroup;
			children = (
				5BE46C2718D48EEA008FBD28 /* en */,
			);
			name = InfoPlist.strings;
			sourceTree = "<group>";
		};
/* End PBXVariantGroup section */

/* Begin XCBuildConfiguration section */
		5BE46C2B18D48EEA008FBD28 /* Debug */ = {
			isa = XCBuildConfiguration;
			buildSettings = {
				ALWAYS_SEARCH_USER_PATHS = NO;
				ARCHS = "$(ARCHS_STANDARD_INCLUDING_64_BIT)";
				CLANG_CXX_LANGUAGE_STANDARD = "gnu++0x";
				CLANG_CXX_LIBRARY = "libc++";
				CLANG_ENABLE_MODULES = YES;
				CLANG_ENABLE_OBJC_ARC = YES;
				CLANG_WARN_BOOL_CONVERSION = YES;
				CLANG_WARN_CONSTANT_CONVERSION = YES;
				CLANG_WARN_DIRECT_OBJC_ISA_USAGE = YES_ERROR;
				CLANG_WARN_EMPTY_BODY = YES;
				CLANG_WARN_ENUM_CONVERSION = YES;
				CLANG_WARN_INT_CONVERSION = YES;
				CLANG_WARN_OBJC_ROOT_CLASS = YES_ERROR;
				CLANG_WARN__DUPLICATE_METHOD_MATCH = YES;
				"CODE_SIGN_IDENTITY[sdk=iphoneos*]" = "iPhone Developer";
				COPY_PHASE_STRIP = NO;
				GCC_C_LANGUAGE_STANDARD = gnu99;
				GCC_DYNAMIC_NO_PIC = NO;
				GCC_OPTIMIZATION_LEVEL = 0;
				GCC_PREPROCESSOR_DEFINITIONS = (
					"DEBUG=1",
					"$(inherited)",
				);
				GCC_SYMBOLS_PRIVATE_EXTERN = NO;
				GCC_WARN_64_TO_32_BIT_CONVERSION = YES;
				GCC_WARN_ABOUT_RETURN_TYPE = YES_ERROR;
				GCC_WARN_UNDECLARED_SELECTOR = YES;
				GCC_WARN_UNINITIALIZED_AUTOS = YES;
				GCC_WARN_UNUSED_FUNCTION = YES;
				GCC_WARN_UNUSED_VARIABLE = YES;
				IPHONEOS_DEPLOYMENT_TARGET = 7.0;
				ONLY_ACTIVE_ARCH = YES;
				SDKROOT = iphoneos;
			};
			name = Debug;
		};
		5BE46C2C18D48EEA008FBD28 /* Release */ = {
			isa = XCBuildConfiguration;
			buildSettings = {
				ALWAYS_SEARCH_USER_PATHS = NO;
				ARCHS = "$(ARCHS_STANDARD_INCLUDING_64_BIT)";
				CLANG_CXX_LANGUAGE_STANDARD = "gnu++0x";
				CLANG_CXX_LIBRARY = "libc++";
				CLANG_ENABLE_MODULES = YES;
				CLANG_ENABLE_OBJC_ARC = YES;
				CLANG_WARN_BOOL_CONVERSION = YES;
				CLANG_WARN_CONSTANT_CONVERSION = YES;
				CLANG_WARN_DIRECT_OBJC_ISA_USAGE = YES_ERROR;
				CLANG_WARN_EMPTY_BODY = YES;
				CLANG_WARN_ENUM_CONVERSION = YES;
				CLANG_WARN_INT_CONVERSION = YES;
				CLANG_WARN_OBJC_ROOT_CLASS = YES_ERROR;
				CLANG_WARN__DUPLICATE_METHOD_MATCH = YES;
				"CODE_SIGN_IDENTITY[sdk=iphoneos*]" = "iPhone Developer";
				COPY_PHASE_STRIP = YES;
				ENABLE_NS_ASSERTIONS = NO;
				GCC_C_LANGUAGE_STANDARD = gnu99;
				GCC_WARN_64_TO_32_BIT_CONVERSION = YES;
				GCC_WARN_ABOUT_RETURN_TYPE = YES_ERROR;
				GCC_WARN_UNDECLARED_SELECTOR = YES;
				GCC_WARN_UNINITIALIZED_AUTOS = YES;
				GCC_WARN_UNUSED_FUNCTION = YES;
				GCC_WARN_UNUSED_VARIABLE = YES;
				IPHONEOS_DEPLOYMENT_TARGET = 7.0;
				SDKROOT = iphoneos;
				VALIDATE_PRODUCT = YES;
			};
			name = Release;
		};
		5BE46C2E18D48EEA008FBD28 /* Debug */ = {
			isa = XCBuildConfiguration;
			buildSettings = {
				ASSETCATALOG_COMPILER_APPICON_NAME = AppIcon;
				ASSETCATALOG_COMPILER_LAUNCHIMAGE_NAME = LaunchImage;
				GCC_PRECOMPILE_PREFIX_HEADER = YES;
				GCC_PREFIX_HEADER = "Tweeter/Tweeter-Prefix.pch";
				INFOPLIST_FILE = "Tweeter/Tweeter-Info.plist";
				PRODUCT_NAME = "$(TARGET_NAME)";
				WRAPPER_EXTENSION = app;
			};
			name = Debug;
		};
		5BE46C2F18D48EEA008FBD28 /* Release */ = {
			isa = XCBuildConfiguration;
			buildSettings = {
				ASSETCATALOG_COMPILER_APPICON_NAME = AppIcon;
				ASSETCATALOG_COMPILER_LAUNCHIMAGE_NAME = LaunchImage;
				GCC_PRECOMPILE_PREFIX_HEADER = YES;
				GCC_PREFIX_HEADER = "Tweeter/Tweeter-Prefix.pch";
				INFOPLIST_FILE = "Tweeter/Tweeter-Info.plist";
				PRODUCT_NAME = "$(TARGET_NAME)";
				WRAPPER_EXTENSION = app;
			};
			name = Release;
		};
		5BE46C3118D48EEA008FBD28 /* Debug */ = {
			isa = XCBuildConfiguration;
			buildSettings = {
				ARCHS = "$(ARCHS_STANDARD_INCLUDING_64_BIT)";
				BUNDLE_LOADER = "$(BUILT_PRODUCTS_DIR)/Tweeter.app/Tweeter";
				FRAMEWORK_SEARCH_PATHS = (
					"$(SDKROOT)/Developer/Library/Frameworks",
					"$(inherited)",
					"$(DEVELOPER_FRAMEWORKS_DIR)",
				);
				GCC_PRECOMPILE_PREFIX_HEADER = YES;
				GCC_PREFIX_HEADER = "Tweeter/Tweeter-Prefix.pch";
				GCC_PREPROCESSOR_DEFINITIONS = (
					"DEBUG=1",
					"$(inherited)",
				);
				INFOPLIST_FILE = "TweeterTests/TweeterTests-Info.plist";
				PRODUCT_NAME = "$(TARGET_NAME)";
				TEST_HOST = "$(BUNDLE_LOADER)";
				WRAPPER_EXTENSION = xctest;
			};
			name = Debug;
		};
		5BE46C3218D48EEA008FBD28 /* Release */ = {
			isa = XCBuildConfiguration;
			buildSettings = {
				ARCHS = "$(ARCHS_STANDARD_INCLUDING_64_BIT)";
				BUNDLE_LOADER = "$(BUILT_PRODUCTS_DIR)/Tweeter.app/Tweeter";
				FRAMEWORK_SEARCH_PATHS = (
					"$(SDKROOT)/Developer/Library/Frameworks",
					"$(inherited)",
					"$(DEVELOPER_FRAMEWORKS_DIR)",
				);
				GCC_PRECOMPILE_PREFIX_HEADER = YES;
				GCC_PREFIX_HEADER = "Tweeter/Tweeter-Prefix.pch";
				INFOPLIST_FILE = "TweeterTests/TweeterTests-Info.plist";
				PRODUCT_NAME = "$(TARGET_NAME)";
				TEST_HOST = "$(BUNDLE_LOADER)";
				WRAPPER_EXTENSION = xctest;
			};
			name = Release;
		};
/* End XCBuildConfiguration section */

/* Begin XCConfigurationList section */
		5BE46BF618D48EEA008FBD28 /* Build configuration list for PBXProject "Tweeter" */ = {
			isa = XCConfigurationList;
			buildConfigurations = (
				5BE46C2B18D48EEA008FBD28 /* Debug */,
				5BE46C2C18D48EEA008FBD28 /* Release */,
			);
			defaultConfigurationIsVisible = 0;
			defaultConfigurationName = Release;
		};
		5BE46C2D18D48EEA008FBD28 /* Build configuration list for PBXNativeTarget "Tweeter" */ = {
			isa = XCConfigurationList;
			buildConfigurations = (
				5BE46C2E18D48EEA008FBD28 /* Debug */,
				5BE46C2F18D48EEA008FBD28 /* Release */,
			);
			defaultConfigurationIsVisible = 0;
			defaultConfigurationName = Release;
		};
		5BE46C3018D48EEA008FBD28 /* Build configuration list for PBXNativeTarget "TweeterTests" */ = {
			isa = XCConfigurationList;
			buildConfigurations = (
				5BE46C3118D48EEA008FBD28 /* Debug */,
				5BE46C3218D48EEA008FBD28 /* Release */,
			);
			defaultConfigurationIsVisible = 0;
			defaultConfigurationName = Release;
		};
/* End XCConfigurationList section */
	};
	rootObject = 5BE46BF318D48EEA008FBD28 /* Project object */;
}
